
Microsoft Visual Studio Solution File, Format Version 12.00
# Visual Studio Version 16
VisualStudioVersion = 16.0.29519.181
MinimumVisualStudioVersion = 10.0.40219.1
Project("{FAE04EC0-301F-11D3-BF4B-00C04F79EFBC}") = "BaseOperations", "BaseOperations\BaseOperations.csproj", "{EBCC820D-B71C-4DF0-B16A-76F1B1BC6E37}"
EndProject
Global
	GlobalSection(SolutionConfigurationPlatforms) = preSolution
		Debug|Any CPU = Debug|Any CPU
		Release|Any CPU = Release|Any CPU
	EndGlobalSection
	GlobalSection(ProjectConfigurationPlatforms) = postSolution
		{EBCC820D-B71C-4DF0-B16A-76F1B1BC6E37}.Debug|Any CPU.ActiveCfg = Debug|Any CPU
		{EBCC820D-B71C-4DF0-B16A-76F1B1BC6E37}.Debug|Any CPU.Build.0 = Debug|Any CPU
		{EBCC820D-B71C-4DF0-B16A-76F1B1BC6E37}.Release|Any CPU.ActiveCfg = Release|Any CPU
		{EBCC820D-B71C-4DF0-B16A-76F1B1BC6E37}.Release|Any CPU.Build.0 = Release|Any CPU
	EndGlobalSection
	GlobalSection(SolutionProperties) = preSolution
		HideSolutionNode = FALSE
	EndGlobalSection
	GlobalSection(ExtensibilityGlobals) = postSolution
		SolutionGuid = {996A5D21-F8E0-4C36-B6C7-5FE94C4C1D9B}
	EndGlobalSection
EndGlobal
